{
  "name": "c15e4b19a90d9797",
  "lockfileVersion": 3,
  "requires": true,
  "packages": {
    "": {
      "dependencies": {
        "expo-doctor": "^1.20.1"
      }
    },
    "node_modules/expo-doctor": {
      "version": "1.20.1",
      "resolved": "https://registry.npmjs.org/expo-doctor/-/expo-doctor-1.20.1.tgz",
      "integrity": "sha512-u0QYTm3hTZbuMuNdnvscA1X6Xm31ilQ6uxrf8FfzO0ddpOEBrgVEYp8jXgFOBwrRf6DqJoD2j3eKUTWTqvKVzg==",
      "license": "MIT",
      "bin": {
        "expo-doctor": "bin/expo-doctor.js"
      },
      "engines": {
        "node": "^20.19.4 || ^22.13.0 || ^24.3.0 || >= 25.0.0"
      }
    }
  }
}
